
Microsoft Visual Studio Solution File, Format Version 12.00
# Visual Studio Version 16
VisualStudioVersion = 16.0.29215.179
MinimumVisualStudioVersion = 10.0.40219.1
Project("{FAE04EC0-301F-11D3-BF4B-00C04F79EFBC}") = "Register", "Register.csproj", "{DED631BA-9EB9-497B-9CC9-76B122A25731}"
EndProject
Project("{FAE04EC0-301F-11D3-BF4B-00C04F79EFBC}") = "RegisterTests", "..\RegisterTests\RegisterTests.csproj", "{A21325E1-8910-4803-87A4-37298341AFB0}"
EndProject
Global
	GlobalSection(SolutionConfigurationPlatforms) = preSolution
		Debug|Any CPU = Debug|Any CPU
		Release|Any CPU = Release|Any CPU
	EndGlobalSection
	GlobalSection(ProjectConfigurationPlatforms) = postSolution
		{DED631BA-9EB9-497B-9CC9-76B122A25731}.Debug|Any CPU.ActiveCfg = Debug|Any CPU
		{DED631BA-9EB9-497B-9CC9-76B122A25731}.Debug|Any CPU.Build.0 = Debug|Any CPU
		{DED631BA-9EB9-497B-9CC9-76B122A25731}.Release|Any CPU.ActiveCfg = Release|Any CPU
		{DED631BA-9EB9-497B-9CC9-76B122A25731}.Release|Any CPU.Build.0 = Release|Any CPU
		{A21325E1-8910-4803-87A4-37298341AFB0}.Debug|Any CPU.ActiveCfg = Debug|Any CPU
		{A21325E1-8910-4803-87A4-37298341AFB0}.Debug|Any CPU.Build.0 = Debug|Any CPU
		{A21325E1-8910-4803-87A4-37298341AFB0}.Release|Any CPU.ActiveCfg = Release|Any CPU
		{A21325E1-8910-4803-87A4-37298341AFB0}.Release|Any CPU.Build.0 = Release|Any CPU
	EndGlobalSection
	GlobalSection(SolutionProperties) = preSolution
		HideSolutionNode = FALSE
	EndGlobalSection
	GlobalSection(ExtensibilityGlobals) = postSolution
		SolutionGuid = {B0FFD21D-E6E0-4595-90DD-5ADA5D1D41F9}
	EndGlobalSection
EndGlobal
